// !$*UTF8*$!
{
	archiveVersion = 1;
	classes = {
	};
	objectVersion = 77;
	objects = {

/* Begin PBXContainerItemProxy section */
		1CE454D12D59FD8A00C494F0 /* PBXContainerItemProxy */ = {
			isa = PBXContainerItemProxy;
			containerPortal = 1CE454B82D59FD8900C494F0 /* Project object */;
			proxyType = 1;
			remoteGlobalIDString = 1CE454BF2D59FD8900C494F0;
			remoteInfo = NextToGoRacesApp;
		};
		1CE454DB2D59FD8A00C494F0 /* PBXContainerItemProxy */ = {
			isa = PBXContainerItemProxy;
			containerPortal = 1CE454B82D59FD8900C494F0 /* Project object */;
			proxyType = 1;
			remoteGlobalIDString = 1CE454BF2D59FD8900C494F0;
			remoteInfo = NextToGoRacesApp;
		};
/* End PBXContainerItemProxy section */

/* Begin PBXFileReference section */
		1CE454C02D59FD8900C494F0 /* NextToGoRacesApp.app */ = {isa = PBXFileReference; explicitFileType = wrapper.application; includeInIndex = 0; path = NextToGoRacesApp.app; sourceTree = BUILT_PRODUCTS_DIR; };
		1CE454D02D59FD8A00C494F0 /* NextToGoRacesAppTests.xctest */ = {isa = PBXFileReference; explicitFileType = wrapper.cfbundle; includeInIndex = 0; path = NextToGoRacesAppTests.xctest; sourceTree = BUILT_PRODUCTS_DIR; };
		1CE454DA2D59FD8A00C494F0 /* NextToGoRacesAppUITests.xctest */ = {isa = PBXFileReference; explicitFileType = wrapper.cfbundle; includeInIndex = 0; path = NextToGoRacesAppUITests.xctest; sourceTree = BUILT_PRODUCTS_DIR; };
/* End PBXFileReference section */

/* Begin PBXFileSystemSynchronizedRootGroup section */
		1CE454C22D59FD8900C494F0 /* NextToGoRacesApp */ = {
			isa = PBXFileSystemSynchronizedRootGroup;
			path = NextToGoRacesApp;
			sourceTree = "<group>";
		};
		1CE454D32D59FD8A00C494F0 /* NextToGoRacesAppTests */ = {
			isa = PBXFileSystemSynchronizedRootGroup;
			path = NextToGoRacesAppTests;
			sourceTree = "<group>";
		};
		1CE454DD2D59FD8A00C494F0 /* NextToGoRacesAppUITests */ = {
			isa = PBXFileSystemSynchronizedRootGroup;
			path = NextToGoRacesAppUITests;
			sourceTree = "<group>";
		};
/* End PBXFileSystemSynchronizedRootGroup section */

/* Begin PBXFrameworksBuildPhase section */
		1CE454BD2D59FD8900C494F0 /* Frameworks */ = {
			isa = PBXFrameworksBuildPhase;
			buildActionMask = 2147483647;
			files = (
			);
			runOnlyForDeploymentPostprocessing = 0;
		};
		1CE454CD2D59FD8A00C494F0 /* Frameworks */ = {
			isa = PBXFrameworksBuildPhase;
			buildActionMask = 2147483647;
			files = (
			);
			runOnlyForDeploymentPostprocessing = 0;
		};
		1CE454D72D59FD8A00C494F0 /* Frameworks */ = {
			isa = PBXFrameworksBuildPhase;
			buildActionMask = 2147483647;
			files = (
			);
			runOnlyForDeploymentPostprocessing = 0;
		};
/* End PBXFrameworksBuildPhase section */

/* Begin PBXGroup section */
		1CE454B72D59FD8900C494F0 = {
			isa = PBXGroup;
			children = (
				1CE454C22D59FD8900C494F0 /* NextToGoRacesApp */,
				1CE454D32D59FD8A00C494F0 /* NextToGoRacesAppTests */,
				1CE454DD2D59FD8A00C494F0 /* NextToGoRacesAppUITests */,
				1CE454C12D59FD8900C494F0 /* Products */,
			);
			sourceTree = "<group>";
		};
		1CE454C12D59FD8900C494F0 /* Products */ = {
			isa = PBXGroup;
			children = (
				1CE454C02D59FD8900C494F0 /* NextToGoRacesApp.app */,
				1CE454D02D59FD8A00C494F0 /* NextToGoRacesAppTests.xctest */,
				1CE454DA2D59FD8A00C494F0 /* NextToGoRacesAppUITests.xctest */,
			);
			name = Products;
			sourceTree = "<group>";
		};
/* End PBXGroup section */

/* Begin PBXNativeTarget section */
		1CE454BF2D59FD8900C494F0 /* NextToGoRacesApp */ = {
			isa = PBXNativeTarget;
			buildConfigurationList = 1CE454E42D59FD8A00C494F0 /* Build configuration list for PBXNativeTarget "NextToGoRacesApp" */;
			buildPhases = (
				1CE454BC2D59FD8900C494F0 /* Sources */,
				1CE454BD2D59FD8900C494F0 /* Frameworks */,
				1CE454BE2D59FD8900C494F0 /* Resources */,
			);
			buildRules = (
			);
			dependencies = (
			);
			fileSystemSynchronizedGroups = (
				1CE454C22D59FD8900C494F0 /* NextToGoRacesApp */,
			);
			name = NextToGoRacesApp;
			packageProductDependencies = (
			);
			productName = NextToGoRacesApp;
			productReference = 1CE454C02D59FD8900C494F0 /* NextToGoRacesApp.app */;
			productType = "com.apple.product-type.application";
		};
		1CE454CF2D59FD8A00C494F0 /* NextToGoRacesAppTests */ = {
			isa = PBXNativeTarget;
			buildConfigurationList = 1CE454E72D59FD8A00C494F0 /* Build configuration list for PBXNativeTarget "NextToGoRacesAppTests" */;
			buildPhases = (
				1CE454CC2D59FD8A00C494F0 /* Sources */,
				1CE454CD2D59FD8A00C494F0 /* Frameworks */,
				1CE454CE2D59FD8A00C494F0 /* Resources */,
			);
			buildRules = (
			);
			dependencies = (
				1CE454D22D59FD8A00C494F0 /* PBXTargetDependency */,
			);
			fileSystemSynchronizedGroups = (
				1CE454D32D59FD8A00C494F0 /* NextToGoRacesAppTests */,
			);
			name = NextToGoRacesAppTests;
			packageProductDependencies = (
			);
			productName = NextToGoRacesAppTests;
			productReference = 1CE454D02D59FD8A00C494F0 /* NextToGoRacesAppTests.xctest */;
			productType = "com.apple.product-type.bundle.unit-test";
		};
		1CE454D92D59FD8A00C494F0 /* NextToGoRacesAppUITests */ = {
			isa = PBXNativeTarget;
			buildConfigurationList = 1CE454EA2D59FD8A00C494F0 /* Build configuration list for PBXNativeTarget "NextToGoRacesAppUITests" */;
			buildPhases = (
				1CE454D62D59FD8A00C494F0 /* Sources */,
				1CE454D72D59FD8A00C494F0 /* Frameworks */,
				1CE454D82D59FD8A00C494F0 /* Resources */,
			);
			buildRules = (
			);
			dependencies = (
				1CE454DC2D59FD8A00C494F0 /* PBXTargetDependency */,
			);
			fileSystemSynchronizedGroups = (
				1CE454DD2D59FD8A00C494F0 /* NextToGoRacesAppUITests */,
			);
			name = NextToGoRacesAppUITests;
			packageProductDependencies = (
			);
			productName = NextToGoRacesAppUITests;
			productReference = 1CE454DA2D59FD8A00C494F0 /* NextToGoRacesAppUITests.xctest */;
			productType = "com.apple.product-type.bundle.ui-testing";
		};
/* End PBXNativeTarget section */

/* Begin PBXProject section */
		1CE454B82D59FD8900C494F0 /* Project object */ = {
			isa = PBXProject;
			attributes = {
				BuildIndependentTargetsInParallel = 1;
				LastSwiftUpdateCheck = 1620;
				LastUpgradeCheck = 1620;
				TargetAttributes = {
					1CE454BF2D59FD8900C494F0 = {
						CreatedOnToolsVersion = 16.2;
					};
					1CE454CF2D59FD8A00C494F0 = {
						CreatedOnToolsVersion = 16.2;
						TestTargetID = 1CE454BF2D59FD8900C494F0;
					};
					1CE454D92D59FD8A00C494F0 = {
						CreatedOnToolsVersion = 16.2;
						TestTargetID = 1CE454BF2D59FD8900C494F0;
					};
				};
			};
			buildConfigurationList = 1CE454BB2D59FD8900C494F0 /* Build configuration list for PBXProject "NextToGoRacesApp" */;
			developmentRegion = en;
			hasScannedForEncodings = 0;
			knownRegions = (
				en,
				Base,
			);
			mainGroup = 1CE454B72D59FD8900C494F0;
			minimizedProjectReferenceProxies = 1;
			preferredProjectObjectVersion = 77;
			productRefGroup = 1CE454C12D59FD8900C494F0 /* Products */;
			projectDirPath = "";
			projectRoot = "";
			targets = (
				1CE454BF2D59FD8900C494F0 /* NextToGoRacesApp */,
				1CE454CF2D59FD8A00C494F0 /* NextToGoRacesAppTests */,
				1CE454D92D59FD8A00C494F0 /* NextToGoRacesAppUITests */,
			);
		};
/* End PBXProject section */

/* Begin PBXResourcesBuildPhase section */
		1CE454BE2D59FD8900C494F0 /* Resources */ = {
			isa = PBXResourcesBuildPhase;
			buildActionMask = 2147483647;
			files = (
			);
			runOnlyForDeploymentPostprocessing = 0;
		};
		1CE454CE2D59FD8A00C494F0 /* Resources */ = {
			isa = PBXResourcesBuildPhase;
			buildActionMask = 2147483647;
			files = (
			);
			runOnlyForDeploymentPostprocessing = 0;
		};
		1CE454D82D59FD8A00C494F0 /* Resources */ = {
			isa = PBXResourcesBuildPhase;
			buildActionMask = 2147483647;
			files = (
			);
			runOnlyForDeploymentPostprocessing = 0;
		};
/* End PBXResourcesBuildPhase section */

/* Begin PBXSourcesBuildPhase section */
		1CE454BC2D59FD8900C494F0 /* Sources */ = {
			isa = PBXSourcesBuildPhase;
			buildActionMask = 2147483647;
			files = (
			);
			runOnlyForDeploymentPostprocessing = 0;
		};
		1CE454CC2D59FD8A00C494F0 /* Sources */ = {
			isa = PBXSourcesBuildPhase;
			buildActionMask = 2147483647;
			files = (
			);
			runOnlyForDeploymentPostprocessing = 0;
		};
		1CE454D62D59FD8A00C494F0 /* Sources */ = {
			isa = PBXSourcesBuildPhase;
			buildActionMask = 2147483647;
			files = (
			);
			runOnlyForDeploymentPostprocessing = 0;
		};
/* End PBXSourcesBuildPhase section */

/* Begin PBXTargetDependency section */
		1CE454D22D59FD8A00C494F0 /* PBXTargetDependency */ = {
			isa = PBXTargetDependency;
			target = 1CE454BF2D59FD8900C494F0 /* NextToGoRacesApp */;
			targetProxy = 1CE454D12D59FD8A00C494F0 /* PBXContainerItemProxy */;
		};
		1CE454DC2D59FD8A00C494F0 /* PBXTargetDependency */ = {
			isa = PBXTargetDependency;
			target = 1CE454BF2D59FD8900C494F0 /* NextToGoRacesApp */;
			targetProxy = 1CE454DB2D59FD8A00C494F0 /* PBXContainerItemProxy */;
		};
/* End PBXTargetDependency section */

/* Begin XCBuildConfiguration section */
		1CE454E22D59FD8A00C494F0 /* Debug */ = {
			isa = XCBuildConfiguration;
			buildSettings = {
				ALWAYS_SEARCH_USER_PATHS = NO;
				ASSETCATALOG_COMPILER_GENERATE_SWIFT_ASSET_SYMBOL_EXTENSIONS = YES;
				CLANG_ANALYZER_NONNULL = YES;
				CLANG_ANALYZER_NUMBER_OBJECT_CONVERSION = YES_AGGRESSIVE;
				CLANG_CXX_LANGUAGE_STANDARD = "gnu++20";
				CLANG_ENABLE_MODULES = YES;
				CLANG_ENABLE_OBJC_ARC = YES;
				CLANG_ENABLE_OBJC_WEAK = YES;
				CLANG_WARN_BLOCK_CAPTURE_AUTORELEASING = YES;
				CLANG_WARN_BOOL_CONVERSION = YES;
				CLANG_WARN_COMMA = YES;
				CLANG_WARN_CONSTANT_CONVERSION = YES;
				CLANG_WARN_DEPRECATED_OBJC_IMPLEMENTATIONS = YES;
				CLANG_WARN_DIRECT_OBJC_ISA_USAGE = YES_ERROR;
				CLANG_WARN_DOCUMENTATION_COMMENTS = YES;
				CLANG_WARN_EMPTY_BODY = YES;
				CLANG_WARN_ENUM_CONVERSION = YES;
				CLANG_WARN_INFINITE_RECURSION = YES;
				CLANG_WARN_INT_CONVERSION = YES;
				CLANG_WARN_NON_LITERAL_NULL_CONVERSION = YES;
				CLANG_WARN_OBJC_IMPLICIT_RETAIN_SELF = YES;
				CLANG_WARN_OBJC_LITERAL_CONVERSION = YES;
				CLANG_WARN_OBJC_ROOT_CLASS = YES_ERROR;
				CLANG_WARN_QUOTED_INCLUDE_IN_FRAMEWORK_HEADER = YES;
				CLANG_WARN_RANGE_LOOP_ANALYSIS = YES;
				CLANG_WARN_STRICT_PROTOTYPES = YES;
				CLANG_WARN_SUSPICIOUS_MOVE = YES;
				CLANG_WARN_UNGUARDED_AVAILABILITY = YES_AGGRESSIVE;
				CLANG_WARN_UNREACHABLE_CODE = YES;
				CLANG_WARN__DUPLICATE_METHOD_MATCH = YES;
				COPY_PHASE_STRIP = NO;
				DEBUG_INFORMATION_FORMAT = dwarf;
				ENABLE_STRICT_OBJC_MSGSEND = YES;
				ENABLE_TESTABILITY = YES;
				ENABLE_USER_SCRIPT_SANDBOXING = YES;
				GCC_C_LANGUAGE_STANDARD = gnu17;
				GCC_DYNAMIC_NO_PIC = NO;
				GCC_NO_COMMON_BLOCKS = YES;
				GCC_OPTIMIZATION_LEVEL = 0;
				GCC_PREPROCESSOR_DEFINITIONS = (
					"DEBUG=1",
					"$(inherited)",
				);
				GCC_WARN_64_TO_32_BIT_CONVERSION = YES;
				GCC_WARN_ABOUT_RETURN_TYPE = YES_ERROR;
				GCC_WARN_UNDECLARED_SELECTOR = YES;
				GCC_WARN_UNINITIALIZED_AUTOS = YES_AGGRESSIVE;
				GCC_WARN_UNUSED_FUNCTION = YES;
				GCC_WARN_UNUSED_VARIABLE = YES;
				IPHONEOS_DEPLOYMENT_TARGET = 18.2;
				LOCALIZATION_PREFERS_STRING_CATALOGS = YES;
				MTL_ENABLE_DEBUG_INFO = INCLUDE_SOURCE;
				MTL_FAST_MATH = YES;
				ONLY_ACTIVE_ARCH = YES;
				SDKROOT = iphoneos;
				SWIFT_ACTIVE_COMPILATION_CONDITIONS = "DEBUG $(inherited)";
				SWIFT_OPTIMIZATION_LEVEL = "-Onone";
			};
			name = Debug;
		};
		1CE454E32D59FD8A00C494F0 /* Release */ = {
			isa = XCBuildConfiguration;
			buildSettings = {
				ALWAYS_SEARCH_USER_PATHS = NO;
				ASSETCATALOG_COMPILER_GENERATE_SWIFT_ASSET_SYMBOL_EXTENSIONS = YES;
				CLANG_ANALYZER_NONNULL = YES;
				CLANG_ANALYZER_NUMBER_OBJECT_CONVERSION = YES_AGGRESSIVE;
				CLANG_CXX_LANGUAGE_STANDARD = "gnu++20";
				CLANG_ENABLE_MODULES = YES;
				CLANG_ENABLE_OBJC_ARC = YES;
				CLANG_ENABLE_OBJC_WEAK = YES;
				CLANG_WARN_BLOCK_CAPTURE_AUTORELEASING = YES;
				CLANG_WARN_BOOL_CONVERSION = YES;
				CLANG_WARN_COMMA = YES;
				CLANG_WARN_CONSTANT_CONVERSION = YES;
				CLANG_WARN_DEPRECATED_OBJC_IMPLEMENTATIONS = YES;
				CLANG_WARN_DIRECT_OBJC_ISA_USAGE = YES_ERROR;
				CLANG_WARN_DOCUMENTATION_COMMENTS = YES;
				CLANG_WARN_EMPTY_BODY = YES;
				CLANG_WARN_ENUM_CONVERSION = YES;
				CLANG_WARN_INFINITE_RECURSION = YES;
				CLANG_WARN_INT_CONVERSION = YES;
				CLANG_WARN_NON_LITERAL_NULL_CONVERSION = YES;
				CLANG_WARN_OBJC_IMPLICIT_RETAIN_SELF = YES;
				CLANG_WARN_OBJC_LITERAL_CONVERSION = YES;
				CLANG_WARN_OBJC_ROOT_CLASS = YES_ERROR;
				CLANG_WARN_QUOTED_INCLUDE_IN_FRAMEWORK_HEADER = YES;
				CLANG_WARN_RANGE_LOOP_ANALYSIS = YES;
				CLANG_WARN_STRICT_PROTOTYPES = YES;
				CLANG_WARN_SUSPICIOUS_MOVE = YES;
				CLANG_WARN_UNGUARDED_AVAILABILITY = YES_AGGRESSIVE;
				CLANG_WARN_UNREACHABLE_CODE = YES;
				CLANG_WARN__DUPLICATE_METHOD_MATCH = YES;
				COPY_PHASE_STRIP = NO;
				DEBUG_INFORMATION_FORMAT = "dwarf-with-dsym";
				ENABLE_NS_ASSERTIONS = NO;
				ENABLE_STRICT_OBJC_MSGSEND = YES;
				ENABLE_USER_SCRIPT_SANDBOXING = YES;
				GCC_C_LANGUAGE_STANDARD = gnu17;
				GCC_NO_COMMON_BLOCKS = YES;
				GCC_WARN_64_TO_32_BIT_CONVERSION = YES;
				GCC_WARN_ABOUT_RETURN_TYPE = YES_ERROR;
				GCC_WARN_UNDECLARED_SELECTOR = YES;
				GCC_WARN_UNINITIALIZED_AUTOS = YES_AGGRESSIVE;
				GCC_WARN_UNUSED_FUNCTION = YES;
				GCC_WARN_UNUSED_VARIABLE = YES;
				IPHONEOS_DEPLOYMENT_TARGET = 18.2;
				LOCALIZATION_PREFERS_STRING_CATALOGS = YES;
				MTL_ENABLE_DEBUG_INFO = NO;
				MTL_FAST_MATH = YES;
				SDKROOT = iphoneos;
				SWIFT_COMPILATION_MODE = wholemodule;
				VALIDATE_PRODUCT = YES;
			};
			name = Release;
		};
		1CE454E52D59FD8A00C494F0 /* Debug */ = {
			isa = XCBuildConfiguration;
			buildSettings = {
				ASSETCATALOG_COMPILER_APPICON_NAME = AppIcon;
				ASSETCATALOG_COMPILER_GLOBAL_ACCENT_COLOR_NAME = AccentColor;
				CODE_SIGN_STYLE = Automatic;
				CURRENT_PROJECT_VERSION = 1;
				DEVELOPMENT_ASSET_PATHS = "\"NextToGoRacesApp/Preview Content\"";
				ENABLE_PREVIEWS = YES;
				GENERATE_INFOPLIST_FILE = YES;
				INFOPLIST_KEY_UIApplicationSceneManifest_Generation = YES;
				INFOPLIST_KEY_UIApplicationSupportsIndirectInputEvents = YES;
				INFOPLIST_KEY_UILaunchScreen_Generation = YES;
				INFOPLIST_KEY_UISupportedInterfaceOrientations_iPad = "UIInterfaceOrientationPortrait UIInterfaceOrientationPortraitUpsideDown UIInterfaceOrientationLandscapeLeft UIInterfaceOrientationLandscapeRight";
				INFOPLIST_KEY_UISupportedInterfaceOrientations_iPhone = "UIInterfaceOrientationPortrait UIInterfaceOrientationLandscapeLeft UIInterfaceOrientationLandscapeRight";
				LD_RUNPATH_SEARCH_PATHS = (
					"$(inherited)",
					"@executable_path/Frameworks",
				);
				MARKETING_VERSION = 1.0;
				PRODUCT_BUNDLE_IDENTIFIER = cliftonia.NextToGoRacesApp;
				PRODUCT_NAME = "$(TARGET_NAME)";
				SWIFT_EMIT_LOC_STRINGS = YES;
				SWIFT_VERSION = 5.0;
				TARGETED_DEVICE_FAMILY = "1,2";
			};
			name = Debug;
		};
		1CE454E62D59FD8A00C494F0 /* Release */ = {
			isa = XCBuildConfiguration;
			buildSettings = {
				ASSETCATALOG_COMPILER_APPICON_NAME = AppIcon;
				ASSETCATALOG_COMPILER_GLOBAL_ACCENT_COLOR_NAME = AccentColor;
				CODE_SIGN_STYLE = Automatic;
				CURRENT_PROJECT_VERSION = 1;
				DEVELOPMENT_ASSET_PATHS = "\"NextToGoRacesApp/Preview Content\"";
				ENABLE_PREVIEWS = YES;
				GENERATE_INFOPLIST_FILE = YES;
				INFOPLIST_KEY_UIApplicationSceneManifest_Generation = YES;
				INFOPLIST_KEY_UIApplicationSupportsIndirectInputEvents = YES;
				INFOPLIST_KEY_UILaunchScreen_Generation = YES;
				INFOPLIST_KEY_UISupportedInterfaceOrientations_iPad = "UIInterfaceOrientationPortrait UIInterfaceOrientationPortraitUpsideDown UIInterfaceOrientationLandscapeLeft UIInterfaceOrientationLandscapeRight";
				INFOPLIST_KEY_UISupportedInterfaceOrientations_iPhone = "UIInterfaceOrientationPortrait UIInterfaceOrientationLandscapeLeft UIInterfaceOrientationLandscapeRight";
				LD_RUNPATH_SEARCH_PATHS = (
					"$(inherited)",
					"@executable_path/Frameworks",
				);
				MARKETING_VERSION = 1.0;
				PRODUCT_BUNDLE_IDENTIFIER = cliftonia.NextToGoRacesApp;
				PRODUCT_NAME = "$(TARGET_NAME)";
				SWIFT_EMIT_LOC_STRINGS = YES;
				SWIFT_VERSION = 5.0;
				TARGETED_DEVICE_FAMILY = "1,2";
			};
			name = Release;
		};
		1CE454E82D59FD8A00C494F0 /* Debug */ = {
			isa = XCBuildConfiguration;
			buildSettings = {
				BUNDLE_LOADER = "$(TEST_HOST)";
				CODE_SIGN_STYLE = Automatic;
				CURRENT_PROJECT_VERSION = 1;
				GENERATE_INFOPLIST_FILE = YES;
				IPHONEOS_DEPLOYMENT_TARGET = 18.2;
				MARKETING_VERSION = 1.0;
				PRODUCT_BUNDLE_IDENTIFIER = cliftonia.NextToGoRacesAppTests;
				PRODUCT_NAME = "$(TARGET_NAME)";
				SWIFT_EMIT_LOC_STRINGS = NO;
				SWIFT_VERSION = 5.0;
				TARGETED_DEVICE_FAMILY = "1,2";
				TEST_HOST = "$(BUILT_PRODUCTS_DIR)/NextToGoRacesApp.app/$(BUNDLE_EXECUTABLE_FOLDER_PATH)/NextToGoRacesApp";
			};
			name = Debug;
		};
		1CE454E92D59FD8A00C494F0 /* Release */ = {
			isa = XCBuildConfiguration;
			buildSettings = {
				BUNDLE_LOADER = "$(TEST_HOST)";
				CODE_SIGN_STYLE = Automatic;
				CURRENT_PROJECT_VERSION = 1;
				GENERATE_INFOPLIST_FILE = YES;
				IPHONEOS_DEPLOYMENT_TARGET = 18.2;
				MARKETING_VERSION = 1.0;
				PRODUCT_BUNDLE_IDENTIFIER = cliftonia.NextToGoRacesAppTests;
				PRODUCT_NAME = "$(TARGET_NAME)";
				SWIFT_EMIT_LOC_STRINGS = NO;
				SWIFT_VERSION = 5.0;
				TARGETED_DEVICE_FAMILY = "1,2";
				TEST_HOST = "$(BUILT_PRODUCTS_DIR)/NextToGoRacesApp.app/$(BUNDLE_EXECUTABLE_FOLDER_PATH)/NextToGoRacesApp";
			};
			name = Release;
		};
		1CE454EB2D59FD8A00C494F0 /* Debug */ = {
			isa = XCBuildConfiguration;
			buildSettings = {
				CODE_SIGN_STYLE = Automatic;
				CURRENT_PROJECT_VERSION = 1;
				GENERATE_INFOPLIST_FILE = YES;
				MARKETING_VERSION = 1.0;
				PRODUCT_BUNDLE_IDENTIFIER = cliftonia.NextToGoRacesAppUITests;
				PRODUCT_NAME = "$(TARGET_NAME)";
				SWIFT_EMIT_LOC_STRINGS = NO;
				SWIFT_VERSION = 5.0;
				TARGETED_DEVICE_FAMILY = "1,2";
				TEST_TARGET_NAME = NextToGoRacesApp;
			};
			name = Debug;
		};
		1CE454EC2D59FD8A00C494F0 /* Release */ = {
			isa = XCBuildConfiguration;
			buildSettings = {
				CODE_SIGN_STYLE = Automatic;
				CURRENT_PROJECT_VERSION = 1;
				GENERATE_INFOPLIST_FILE = YES;
				MARKETING_VERSION = 1.0;
				PRODUCT_BUNDLE_IDENTIFIER = cliftonia.NextToGoRacesAppUITests;
				PRODUCT_NAME = "$(TARGET_NAME)";
				SWIFT_EMIT_LOC_STRINGS = NO;
				SWIFT_VERSION = 5.0;
				TARGETED_DEVICE_FAMILY = "1,2";
				TEST_TARGET_NAME = NextToGoRacesApp;
			};
			name = Release;
		};
/* End XCBuildConfiguration section */

/* Begin XCConfigurationList section */
		1CE454BB2D59FD8900C494F0 /* Build configuration list for PBXProject "NextToGoRacesApp" */ = {
			isa = XCConfigurationList;
			buildConfigurations = (
				1CE454E22D59FD8A00C494F0 /* Debug */,
				1CE454E32D59FD8A00C494F0 /* Release */,
			);
			defaultConfigurationIsVisible = 0;
			defaultConfigurationName = Release;
		};
		1CE454E42D59FD8A00C494F0 /* Build configuration list for PBXNativeTarget "NextToGoRacesApp" */ = {
			isa = XCConfigurationList;
			buildConfigurations = (
				1CE454E52D59FD8A00C494F0 /* Debug */,
				1CE454E62D59FD8A00C494F0 /* Release */,
			);
			defaultConfigurationIsVisible = 0;
			defaultConfigurationName = Release;
		};
		1CE454E72D59FD8A00C494F0 /* Build configuration list for PBXNativeTarget "NextToGoRacesAppTests" */ = {
			isa = XCConfigurationList;
			buildConfigurations = (
				1CE454E82D59FD8A00C494F0 /* Debug */,
				1CE454E92D59FD8A00C494F0 /* Release */,
			);
			defaultConfigurationIsVisible = 0;
			defaultConfigurationName = Release;
		};
		1CE454EA2D59FD8A00C494F0 /* Build configuration list for PBXNativeTarget "NextToGoRacesAppUITests" */ = {
			isa = XCConfigurationList;
			buildConfigurations = (
				1CE454EB2D59FD8A00C494F0 /* Debug */,
				1CE454EC2D59FD8A00C494F0 /* Release */,
			);
			defaultConfigurationIsVisible = 0;
			defaultConfigurationName = Release;
		};
/* End XCConfigurationList section */
	};
	rootObject = 1CE454B82D59FD8900C494F0 /* Project object */;
}
